{
	"name": "@osmium/db",
	"version": "0.4.0",
	"lockfileVersion": 1,
	"requires": true,
	"dependencies": {
		"@osmium/coder": {
			"version": "0.4.0",
			"resolved": "https://registry.npmjs.org/@osmium/coder/-/coder-0.4.0.tgz",
			"integrity": "sha512-1pKGLGn0qAq0RLz4PRRoV2Mcz/rJRgdv0EGAQKUsfgsH3s4qHmgRwhiGOdKibJ52KK5SyC2WNvq1r3h/ll038A==",
			"requires": {
				"@osmium/tools": "^0.4.0"
			}
		},
		"@osmium/crypt": {
			"version": "0.4.0",
			"resolved": "https://registry.npmjs.org/@osmium/crypt/-/crypt-0.4.0.tgz",
			"integrity": "sha512-U9IwB+OVULNuekpj+EconjK8ftpmAreBHzCn7M3A/y/oRmbM9TdJIufe11RLkClXbSvWA5irZA0b2sHy+MutlA==",
			"requires": {
				"@osmium/coder": "^0.4.0",
				"elliptic": "~6.5.4"
			}
		},
		"@osmium/tools": {
			"version": "0.4.1",
			"resolved": "https://registry.npmjs.org/@osmium/tools/-/tools-0.4.1.tgz",
			"integrity": "sha512-s9NiT4CU86UP6X+ChB7Jc3TiynNDmro3QsVxy0gwaTH5N8MOK7yaEDykJXFQKtVA8GR5criCF9go5B5jren0zw==",
			"requires": {
				"merge-deep": "^3.0.3"
			}
		},
		"@types/mz": {
			"version": "2.7.4",
			"resolved": "https://registry.npmjs.org/@types/mz/-/mz-2.7.4.tgz",
			"integrity": "sha512-Zs0imXxyWT20j3Z2NwKpr0IO2LmLactBblNyLua5Az4UHuqOQ02V3jPTgyKwDkuc33/ahw+C3O1PIZdrhFMuQA==",
			"dev": true,
			"requires": {
				"@types/node": "*"
			}
		},
		"@types/node": {
			"version": "16.3.1",
			"resolved": "https://registry.npmjs.org/@types/node/-/node-16.3.1.tgz",
			"integrity": "sha512-N87VuQi7HEeRJkhzovao/JviiqKjDKMVKxKMfUvSKw+MbkbW8R0nA3fi/MQhhlxV2fQ+2ReM+/Nt4efdrJx3zA=="
		},
		"@types/sugar": {
			"version": "2.0.2",
			"resolved": "https://registry.npmjs.org/@types/sugar/-/sugar-2.0.2.tgz",
			"integrity": "sha1-SciwevTmyGsBSqd2u0N9FgRNKXI=",
			"dev": true,
			"requires": {
				"sugar": "*"
			}
		},
		"any-promise": {
			"version": "1.3.0",
			"resolved": "https://registry.npmjs.org/any-promise/-/any-promise-1.3.0.tgz",
			"integrity": "sha1-q8av7tzqUugJzcA3au0845Y10X8="
		},
		"arr-union": {
			"version": "3.1.0",
			"resolved": "https://registry.npmjs.org/arr-union/-/arr-union-3.1.0.tgz",
			"integrity": "sha1-45sJrqne+Gao8gbiiK9jkZuuOcQ="
		},
		"bignumber.js": {
			"version": "9.0.1",
			"resolved": "https://registry.npmjs.org/bignumber.js/-/bignumber.js-9.0.1.tgz",
			"integrity": "sha512-IdZR9mh6ahOBv/hYGiXyVuyCetmGJhtYkqLBpTStdhEGjegpPlUawydyaF3pbIOFynJTpllEs+NP+CS9jKFLjA=="
		},
		"bn.js": {
			"version": "4.12.0",
			"resolved": "https://registry.npmjs.org/bn.js/-/bn.js-4.12.0.tgz",
			"integrity": "sha512-c98Bf3tPniI+scsdk237ku1Dc3ujXQTSgyiPUDEOe7tRkhrqridvh8klBv0HCEso1OLOYcHuCv/cS6DNxKH+ZA=="
		},
		"brorand": {
			"version": "1.1.0",
			"resolved": "https://registry.npmjs.org/brorand/-/brorand-1.1.0.tgz",
			"integrity": "sha1-EsJe/kCkXjwyPrhnWgoM5XsiNx8="
		},
		"buffer-writer": {
			"version": "2.0.0",
			"resolved": "https://registry.npmjs.org/buffer-writer/-/buffer-writer-2.0.0.tgz",
			"integrity": "sha512-a7ZpuTZU1TRtnwyCNW3I5dc0wWNC3VR9S++Ewyk2HHZdrO3CQJqSpd+95Us590V6AL7JqUAH2IwZ/398PmNFgw=="
		},
		"clone-deep": {
			"version": "0.2.4",
			"resolved": "https://registry.npmjs.org/clone-deep/-/clone-deep-0.2.4.tgz",
			"integrity": "sha1-TnPdCen7lxzDhnDF3O2cGJZIHMY=",
			"requires": {
				"for-own": "^0.1.3",
				"is-plain-object": "^2.0.1",
				"kind-of": "^3.0.2",
				"lazy-cache": "^1.0.3",
				"shallow-clone": "^0.1.2"
			}
		},
		"debug": {
			"version": "4.3.2",
			"resolved": "https://registry.npmjs.org/debug/-/debug-4.3.2.tgz",
			"integrity": "sha512-mOp8wKcvj7XxC78zLgw/ZA+6TSgkoE2C/ienthhRD298T7UNwAg9diBpLRxC0mOezLl4B0xV7M0cCO6P/O0Xhw==",
			"requires": {
				"ms": "2.1.2"
			}
		},
		"dottie": {
			"version": "2.0.2",
			"resolved": "https://registry.npmjs.org/dottie/-/dottie-2.0.2.tgz",
			"integrity": "sha512-fmrwR04lsniq/uSr8yikThDTrM7epXHBAAjH9TbeH3rEA8tdCO7mRzB9hdmdGyJCxF8KERo9CITcm3kGuoyMhg=="
		},
		"elliptic": {
			"version": "6.5.4",
			"resolved": "https://registry.npmjs.org/elliptic/-/elliptic-6.5.4.tgz",
			"integrity": "sha512-iLhC6ULemrljPZb+QutR5TQGB+pdW6KGD5RSegS+8sorOZT+rdQFbsQFJgvN3eRqNALqJer4oQ16YvJHlU8hzQ==",
			"requires": {
				"bn.js": "^4.11.9",
				"brorand": "^1.1.0",
				"hash.js": "^1.0.0",
				"hmac-drbg": "^1.0.1",
				"inherits": "^2.0.4",
				"minimalistic-assert": "^1.0.1",
				"minimalistic-crypto-utils": "^1.0.1"
			}
		},
		"for-in": {
			"version": "1.0.2",
			"resolved": "https://registry.npmjs.org/for-in/-/for-in-1.0.2.tgz",
			"integrity": "sha1-gQaNKVqBQuwKxybG4iAMMPttXoA="
		},
		"for-own": {
			"version": "0.1.5",
			"resolved": "https://registry.npmjs.org/for-own/-/for-own-0.1.5.tgz",
			"integrity": "sha1-UmXGgaTylNq78XyVCbZ2OqhFEM4=",
			"requires": {
				"for-in": "^1.0.1"
			}
		},
		"hash.js": {
			"version": "1.1.7",
			"resolved": "https://registry.npmjs.org/hash.js/-/hash.js-1.1.7.tgz",
			"integrity": "sha512-taOaskGt4z4SOANNseOviYDvjEJinIkRgmp7LbKP2YTTmVxWBl87s/uzK9r+44BclBSp2X7K1hqeNfz9JbBeXA==",
			"requires": {
				"inherits": "^2.0.3",
				"minimalistic-assert": "^1.0.1"
			}
		},
		"hmac-drbg": {
			"version": "1.0.1",
			"resolved": "https://registry.npmjs.org/hmac-drbg/-/hmac-drbg-1.0.1.tgz",
			"integrity": "sha1-0nRXAQJabHdabFRXk+1QL8DGSaE=",
			"requires": {
				"hash.js": "^1.0.3",
				"minimalistic-assert": "^1.0.0",
				"minimalistic-crypto-utils": "^1.0.1"
			}
		},
		"inflection": {
			"version": "1.13.1",
			"resolved": "https://registry.npmjs.org/inflection/-/inflection-1.13.1.tgz",
			"integrity": "sha512-dldYtl2WlN0QDkIDtg8+xFwOS2Tbmp12t1cHa5/YClU6ZQjTFm7B66UcVbh9NQB+HvT5BAd2t5+yKsBkw5pcqA=="
		},
		"inherits": {
			"version": "2.0.4",
			"resolved": "https://registry.npmjs.org/inherits/-/inherits-2.0.4.tgz",
			"integrity": "sha512-k/vGaX4/Yla3WzyMCvTQOXYeIHvqOKtnqBduzTHpzpQZzAskKMhZ2K+EnBiSM9zGSoIFeMpXKxa4dYeZIQqewQ=="
		},
		"is-buffer": {
			"version": "1.1.6",
			"resolved": "https://registry.npmjs.org/is-buffer/-/is-buffer-1.1.6.tgz",
			"integrity": "sha512-NcdALwpXkTm5Zvvbk7owOUSvVvBKDgKP5/ewfXEznmQFfs4ZRmanOeKBTjRVjka3QFoN6XJ+9F3USqfHqTaU5w=="
		},
		"is-extendable": {
			"version": "0.1.1",
			"resolved": "https://registry.npmjs.org/is-extendable/-/is-extendable-0.1.1.tgz",
			"integrity": "sha1-YrEQ4omkcUGOPsNqYX1HLjAd/Ik="
		},
		"is-plain-object": {
			"version": "2.0.4",
			"resolved": "https://registry.npmjs.org/is-plain-object/-/is-plain-object-2.0.4.tgz",
			"integrity": "sha512-h5PpgXkWitc38BBMYawTYMWJHFZJVnBquFE57xFpjB8pJFiF6gZ+bU+WyI/yqXiFR5mdLsgYNaPe8uao6Uv9Og==",
			"requires": {
				"isobject": "^3.0.1"
			}
		},
		"isobject": {
			"version": "3.0.1",
			"resolved": "https://registry.npmjs.org/isobject/-/isobject-3.0.1.tgz",
			"integrity": "sha1-TkMekrEalzFjaqH5yNHMvP2reN8="
		},
		"kind-of": {
			"version": "3.2.2",
			"resolved": "https://registry.npmjs.org/kind-of/-/kind-of-3.2.2.tgz",
			"integrity": "sha1-MeohpzS6ubuw8yRm2JOupR5KPGQ=",
			"requires": {
				"is-buffer": "^1.1.5"
			}
		},
		"lazy-cache": {
			"version": "1.0.4",
			"resolved": "https://registry.npmjs.org/lazy-cache/-/lazy-cache-1.0.4.tgz",
			"integrity": "sha1-odePw6UEdMuAhF07O24dpJpEbo4="
		},
		"lodash": {
			"version": "4.17.21",
			"resolved": "https://registry.npmjs.org/lodash/-/lodash-4.17.21.tgz",
			"integrity": "sha512-v2kDEe57lecTulaDIuNTPy3Ry4gLGJ6Z1O3vE1krgXZNrsQ+LFTGHVxVjcXPs17LhbZVGedAJv8XZ1tvj5FvSg=="
		},
		"lru-cache": {
			"version": "6.0.0",
			"resolved": "https://registry.npmjs.org/lru-cache/-/lru-cache-6.0.0.tgz",
			"integrity": "sha512-Jo6dJ04CmSjuznwJSS3pUeWmd/H0ffTlkXXgwZi+eq1UCmqQwCh+eLsYOYCwY991i2Fah4h1BEMCx4qThGbsiA==",
			"requires": {
				"yallist": "^4.0.0"
			}
		},
		"merge-deep": {
			"version": "3.0.3",
			"resolved": "https://registry.npmjs.org/merge-deep/-/merge-deep-3.0.3.tgz",
			"integrity": "sha512-qtmzAS6t6grwEkNrunqTBdn0qKwFgNWvlxUbAV8es9M7Ot1EbyApytCnvE0jALPa46ZpKDUo527kKiaWplmlFA==",
			"requires": {
				"arr-union": "^3.1.0",
				"clone-deep": "^0.2.4",
				"kind-of": "^3.0.2"
			}
		},
		"minimalistic-assert": {
			"version": "1.0.1",
			"resolved": "https://registry.npmjs.org/minimalistic-assert/-/minimalistic-assert-1.0.1.tgz",
			"integrity": "sha512-UtJcAD4yEaGtjPezWuO9wC4nwUnVH/8/Im3yEHQP4b67cXlD/Qr9hdITCU1xDbSEXg2XKNaP8jsReV7vQd00/A=="
		},
		"minimalistic-crypto-utils": {
			"version": "1.0.1",
			"resolved": "https://registry.npmjs.org/minimalistic-crypto-utils/-/minimalistic-crypto-utils-1.0.1.tgz",
			"integrity": "sha1-9sAMHAsIIkblxNmd+4x8CDsrWCo="
		},
		"mixin-object": {
			"version": "2.0.1",
			"resolved": "https://registry.npmjs.org/mixin-object/-/mixin-object-2.0.1.tgz",
			"integrity": "sha1-T7lJRB2rGCVA8f4DW6YOGUel5X4=",
			"requires": {
				"for-in": "^0.1.3",
				"is-extendable": "^0.1.1"
			},
			"dependencies": {
				"for-in": {
					"version": "0.1.8",
					"resolved": "https://registry.npmjs.org/for-in/-/for-in-0.1.8.tgz",
					"integrity": "sha1-2Hc5COMSVhCZUrH9ubP6hn0ndeE="
				}
			}
		},
		"moment": {
			"version": "2.29.2",
			"resolved": "https://registry.npmjs.org/moment/-/moment-2.29.2.tgz",
			"integrity": "sha512-UgzG4rvxYpN15jgCmVJwac49h9ly9NurikMWGPdVxm8GZD6XjkKPxDTjQQ43gtGgnV3X0cAyWDdP2Wexoquifg=="
		},
		"moment-timezone": {
			"version": "0.5.33",
			"resolved": "https://registry.npmjs.org/moment-timezone/-/moment-timezone-0.5.33.tgz",
			"integrity": "sha512-PTc2vcT8K9J5/9rDEPe5czSIKgLoGsH8UNpA4qZTVw0Vd/Uz19geE9abbIOQKaAQFcnQ3v5YEXrbSc5BpshH+w==",
			"requires": {
				"moment": ">= 2.9.0"
			}
		},
		"ms": {
			"version": "2.1.2",
			"resolved": "https://registry.npmjs.org/ms/-/ms-2.1.2.tgz",
			"integrity": "sha512-sGkPx+VjMtmA6MX27oA4FBFELFCZZ4S4XqeGOXCv68tT+jb3vk/RyaKWP0PTKyWtmLSM0b+adUTEvbs1PEaH2w=="
		},
		"mz": {
			"version": "2.7.0",
			"resolved": "https://registry.npmjs.org/mz/-/mz-2.7.0.tgz",
			"integrity": "sha512-z81GNO7nnYMEhrGh9LeymoE4+Yr0Wn5McHIZMK5cfQCl+NDX08sCZgUc9/6MHni9IWuFLm1Z3HTCXu2z9fN62Q==",
			"requires": {
				"any-promise": "^1.0.0",
				"object-assign": "^4.0.1",
				"thenify-all": "^1.0.0"
			}
		},
		"object-assign": {
			"version": "4.1.1",
			"resolved": "https://registry.npmjs.org/object-assign/-/object-assign-4.1.1.tgz",
			"integrity": "sha1-IQmtx5ZYh8/AXLvUQsrIv7s2CGM="
		},
		"packet-reader": {
			"version": "1.0.0",
			"resolved": "https://registry.npmjs.org/packet-reader/-/packet-reader-1.0.0.tgz",
			"integrity": "sha512-HAKu/fG3HpHFO0AA8WE8q2g+gBJaZ9MG7fcKk+IJPLTGAD6Psw4443l+9DGRbOIh3/aXr7Phy0TjilYivJo5XQ=="
		},
		"pg": {
			"version": "8.6.0",
			"resolved": "https://registry.npmjs.org/pg/-/pg-8.6.0.tgz",
			"integrity": "sha512-qNS9u61lqljTDFvmk/N66EeGq3n6Ujzj0FFyNMGQr6XuEv4tgNTXvJQTfJdcvGit5p5/DWPu+wj920hAJFI+QQ==",
			"requires": {
				"buffer-writer": "2.0.0",
				"packet-reader": "1.0.0",
				"pg-connection-string": "^2.5.0",
				"pg-pool": "^3.3.0",
				"pg-protocol": "^1.5.0",
				"pg-types": "^2.1.0",
				"pgpass": "1.x"
			}
		},
		"pg-connection-string": {
			"version": "2.5.0",
			"resolved": "https://registry.npmjs.org/pg-connection-string/-/pg-connection-string-2.5.0.tgz",
			"integrity": "sha512-r5o/V/ORTA6TmUnyWZR9nCj1klXCO2CEKNRlVuJptZe85QuhFayC7WeMic7ndayT5IRIR0S0xFxFi2ousartlQ=="
		},
		"pg-hstore": {
			"version": "2.3.4",
			"resolved": "https://registry.npmjs.org/pg-hstore/-/pg-hstore-2.3.4.tgz",
			"integrity": "sha512-N3SGs/Rf+xA1M2/n0JBiXFDVMzdekwLZLAO0g7mpDY9ouX+fDI7jS6kTq3JujmYbtNSJ53TJ0q4G98KVZSM4EA==",
			"requires": {
				"underscore": "^1.13.1"
			}
		},
		"pg-int8": {
			"version": "1.0.1",
			"resolved": "https://registry.npmjs.org/pg-int8/-/pg-int8-1.0.1.tgz",
			"integrity": "sha512-WCtabS6t3c8SkpDBUlb1kjOs7l66xsGdKpIPZsg4wR+B3+u9UAum2odSsF9tnvxg80h4ZxLWMy4pRjOsFIqQpw=="
		},
		"pg-pool": {
			"version": "3.3.0",
			"resolved": "https://registry.npmjs.org/pg-pool/-/pg-pool-3.3.0.tgz",
			"integrity": "sha512-0O5huCql8/D6PIRFAlmccjphLYWC+JIzvUhSzXSpGaf+tjTZc4nn+Lr7mLXBbFJfvwbP0ywDv73EiaBsxn7zdg=="
		},
		"pg-protocol": {
			"version": "1.5.0",
			"resolved": "https://registry.npmjs.org/pg-protocol/-/pg-protocol-1.5.0.tgz",
			"integrity": "sha512-muRttij7H8TqRNu/DxrAJQITO4Ac7RmX3Klyr/9mJEOBeIpgnF8f9jAfRz5d3XwQZl5qBjF9gLsUtMPJE0vezQ=="
		},
		"pg-types": {
			"version": "2.2.0",
			"resolved": "https://registry.npmjs.org/pg-types/-/pg-types-2.2.0.tgz",
			"integrity": "sha512-qTAAlrEsl8s4OiEQY69wDvcMIdQN6wdz5ojQiOy6YRMuynxenON0O5oCpJI6lshc6scgAY8qvJ2On/p+CXY0GA==",
			"requires": {
				"pg-int8": "1.0.1",
				"postgres-array": "~2.0.0",
				"postgres-bytea": "~1.0.0",
				"postgres-date": "~1.0.4",
				"postgres-interval": "^1.1.0"
			}
		},
		"pgpass": {
			"version": "1.0.4",
			"resolved": "https://registry.npmjs.org/pgpass/-/pgpass-1.0.4.tgz",
			"integrity": "sha512-YmuA56alyBq7M59vxVBfPJrGSozru8QAdoNlWuW3cz8l+UX3cWge0vTvjKhsSHSJpo3Bom8/Mm6hf0TR5GY0+w==",
			"requires": {
				"split2": "^3.1.1"
			}
		},
		"postgres-array": {
			"version": "2.0.0",
			"resolved": "https://registry.npmjs.org/postgres-array/-/postgres-array-2.0.0.tgz",
			"integrity": "sha512-VpZrUqU5A69eQyW2c5CA1jtLecCsN2U/bD6VilrFDWq5+5UIEVO7nazS3TEcHf1zuPYO/sqGvUvW62g86RXZuA=="
		},
		"postgres-bytea": {
			"version": "1.0.0",
			"resolved": "https://registry.npmjs.org/postgres-bytea/-/postgres-bytea-1.0.0.tgz",
			"integrity": "sha1-AntTPAqokOJtFy1Hz5zOzFIazTU="
		},
		"postgres-date": {
			"version": "1.0.7",
			"resolved": "https://registry.npmjs.org/postgres-date/-/postgres-date-1.0.7.tgz",
			"integrity": "sha512-suDmjLVQg78nMK2UZ454hAG+OAW+HQPZ6n++TNDUX+L0+uUlLywnoxJKDou51Zm+zTCjrCl0Nq6J9C5hP9vK/Q=="
		},
		"postgres-interval": {
			"version": "1.2.0",
			"resolved": "https://registry.npmjs.org/postgres-interval/-/postgres-interval-1.2.0.tgz",
			"integrity": "sha512-9ZhXKM/rw350N1ovuWHbGxnGh/SNJ4cnxHiM0rxE4VN41wsg8P8zWn9hv/buK00RP4WvlOyr/RBDiptyxVbkZQ==",
			"requires": {
				"xtend": "^4.0.0"
			}
		},
		"readable-stream": {
			"version": "3.6.0",
			"resolved": "https://registry.npmjs.org/readable-stream/-/readable-stream-3.6.0.tgz",
			"integrity": "sha512-BViHy7LKeTz4oNnkcLJ+lVSL6vpiFeX6/d3oSH8zCW7UxP2onchk+vTGB143xuFjHS3deTgkKoXXymXqymiIdA==",
			"requires": {
				"inherits": "^2.0.3",
				"string_decoder": "^1.1.1",
				"util-deprecate": "^1.0.1"
			}
		},
		"retry-as-promised": {
			"version": "3.2.0",
			"resolved": "https://registry.npmjs.org/retry-as-promised/-/retry-as-promised-3.2.0.tgz",
			"integrity": "sha512-CybGs60B7oYU/qSQ6kuaFmRd9sTZ6oXSc0toqePvV74Ac6/IFZSI1ReFQmtCN+uvW1Mtqdwpvt/LGOiCBAY2Mg==",
			"requires": {
				"any-promise": "^1.3.0"
			}
		},
		"safe-buffer": {
			"version": "5.2.1",
			"resolved": "https://registry.npmjs.org/safe-buffer/-/safe-buffer-5.2.1.tgz",
			"integrity": "sha512-rp3So07KcdmmKbGvgaNxQSJr7bGVSVk5S9Eq1F+ppbRo70+YeaDxkw5Dd8NPN+GD6bjnYm2VuPuCXmpuYvmCXQ=="
		},
		"semver": {
			"version": "7.3.5",
			"resolved": "https://registry.npmjs.org/semver/-/semver-7.3.5.tgz",
			"integrity": "sha512-PoeGJYh8HK4BTO/a9Tf6ZG3veo/A7ZVsYrSA6J8ny9nb3B1VrpkuN+z9OE5wfE5p6H4LchYZsegiQgbJD94ZFQ==",
			"requires": {
				"lru-cache": "^6.0.0"
			}
		},
		"sequelize": {
			"version": "6.6.5",
			"resolved": "https://registry.npmjs.org/sequelize/-/sequelize-6.6.5.tgz",
			"integrity": "sha512-QyRrJrDRiwuiILqTMHUA1yWOPIL12KlfmgZ3hnzQwbMvp2vJ6fzu9bYJQB+qPMosck4mBUggY4Cjoc6Et8FBIQ==",
			"requires": {
				"debug": "^4.1.1",
				"dottie": "^2.0.0",
				"inflection": "1.13.1",
				"lodash": "^4.17.20",
				"moment": "^2.26.0",
				"moment-timezone": "^0.5.31",
				"retry-as-promised": "^3.2.0",
				"semver": "^7.3.2",
				"sequelize-pool": "^6.0.0",
				"toposort-class": "^1.0.1",
				"uuid": "^8.1.0",
				"validator": "^13.6.0",
				"wkx": "^0.5.0"
			}
		},
		"sequelize-pool": {
			"version": "6.1.0",
			"resolved": "https://registry.npmjs.org/sequelize-pool/-/sequelize-pool-6.1.0.tgz",
			"integrity": "sha512-4YwEw3ZgK/tY/so+GfnSgXkdwIJJ1I32uZJztIEgZeAO6HMgj64OzySbWLgxj+tXhZCJnzRfkY9gINw8Ft8ZMg=="
		},
		"shallow-clone": {
			"version": "0.1.2",
			"resolved": "https://registry.npmjs.org/shallow-clone/-/shallow-clone-0.1.2.tgz",
			"integrity": "sha1-WQnodLp3EG1zrEFM/sH/yofZcGA=",
			"requires": {
				"is-extendable": "^0.1.1",
				"kind-of": "^2.0.1",
				"lazy-cache": "^0.2.3",
				"mixin-object": "^2.0.1"
			},
			"dependencies": {
				"kind-of": {
					"version": "2.0.1",
					"resolved": "https://registry.npmjs.org/kind-of/-/kind-of-2.0.1.tgz",
					"integrity": "sha1-AY7HpM5+OobLkUG+UZ0kyPqpgbU=",
					"requires": {
						"is-buffer": "^1.0.2"
					}
				},
				"lazy-cache": {
					"version": "0.2.7",
					"resolved": "https://registry.npmjs.org/lazy-cache/-/lazy-cache-0.2.7.tgz",
					"integrity": "sha1-f+3fLctu23fRHvHRF6tf/fCrG2U="
				}
			}
		},
		"split2": {
			"version": "3.2.2",
			"resolved": "https://registry.npmjs.org/split2/-/split2-3.2.2.tgz",
			"integrity": "sha512-9NThjpgZnifTkJpzTZ7Eue85S49QwpNhZTq6GRJwObb6jnLFNGB7Qm73V5HewTROPyxD0C29xqmaI68bQtV+hg==",
			"requires": {
				"readable-stream": "^3.0.0"
			}
		},
		"string_decoder": {
			"version": "1.3.0",
			"resolved": "https://registry.npmjs.org/string_decoder/-/string_decoder-1.3.0.tgz",
			"integrity": "sha512-hkRX8U1WjJFd8LsDJ2yQ/wWWxaopEsABU1XfkM8A+j0+85JAGppt16cr1Whg6KIbb4okU6Mql6BOj+uup/wKeA==",
			"requires": {
				"safe-buffer": "~5.2.0"
			}
		},
		"sugar": {
			"version": "2.0.6",
			"resolved": "https://registry.npmjs.org/sugar/-/sugar-2.0.6.tgz",
			"integrity": "sha512-s0P2/pjJtAD9VA44+2Gqm3NdC4v+08melA6YubOxzshu628krTbn95/M2GWMrI9rYspZMpYBIrChR46fjQ7xsQ==",
			"requires": {
				"sugar-core": "^2.0.0"
			}
		},
		"sugar-core": {
			"version": "2.0.6",
			"resolved": "https://registry.npmjs.org/sugar-core/-/sugar-core-2.0.6.tgz",
			"integrity": "sha512-YmLFysR3Si6RImqL1+aB6JH81EXxvXn5iXhPf2PsjfoUYEwCxFDYCQY+zC3WqviuGWzxFaSkkJvkUE05Y03L5Q=="
		},
		"sugar-inflections": {
			"version": "2.0.6",
			"resolved": "https://registry.npmjs.org/sugar-inflections/-/sugar-inflections-2.0.6.tgz",
			"integrity": "sha512-C9guJmDgW5ZKyO/Y3mt3rAlZ+oZLGpaqM0SReW3a0s0/h/brflPLDU5qdztcssIkU/fof8tcwLdPtv6vCZB8fA==",
			"requires": {
				"sugar-core": "^2.0.0"
			}
		},
		"thenify": {
			"version": "3.3.1",
			"resolved": "https://registry.npmjs.org/thenify/-/thenify-3.3.1.tgz",
			"integrity": "sha512-RVZSIV5IG10Hk3enotrhvz0T9em6cyHBLkH/YAZuKqd8hRkKhSfCGIcP2KUY0EPxndzANBmNllzWPwak+bheSw==",
			"requires": {
				"any-promise": "^1.0.0"
			}
		},
		"thenify-all": {
			"version": "1.6.0",
			"resolved": "https://registry.npmjs.org/thenify-all/-/thenify-all-1.6.0.tgz",
			"integrity": "sha1-GhkY1ALY/D+Y+/I02wvMjMEOlyY=",
			"requires": {
				"thenify": ">= 3.1.0 < 4"
			}
		},
		"toposort-class": {
			"version": "1.0.1",
			"resolved": "https://registry.npmjs.org/toposort-class/-/toposort-class-1.0.1.tgz",
			"integrity": "sha1-f/0feMi+KMO6Rc1OGj9e4ZO9mYg="
		},
		"underscore": {
			"version": "1.13.1",
			"resolved": "https://registry.npmjs.org/underscore/-/underscore-1.13.1.tgz",
			"integrity": "sha512-hzSoAVtJF+3ZtiFX0VgfFPHEDRm7Y/QPjGyNo4TVdnDTdft3tr8hEkD25a1jC+TjTuE7tkHGKkhwCgs9dgBB2g=="
		},
		"util-deprecate": {
			"version": "1.0.2",
			"resolved": "https://registry.npmjs.org/util-deprecate/-/util-deprecate-1.0.2.tgz",
			"integrity": "sha1-RQ1Nyfpw3nMnYvvS1KKJgUGaDM8="
		},
		"uuid": {
			"version": "8.3.2",
			"resolved": "https://registry.npmjs.org/uuid/-/uuid-8.3.2.tgz",
			"integrity": "sha512-+NYs2QeMWy+GWFOEm9xnn6HCDp0l7QBD7ml8zLUmJ+93Q5NF0NocErnwkTkXVFNiX3/fpC6afS8Dhb/gz7R7eg=="
		},
		"validator": {
			"version": "13.6.0",
			"resolved": "https://registry.npmjs.org/validator/-/validator-13.6.0.tgz",
			"integrity": "sha512-gVgKbdbHgtxpRyR8K0O6oFZPhhB5tT1jeEHZR0Znr9Svg03U0+r9DXWMrnRAB+HtCStDQKlaIZm42tVsVjqtjg=="
		},
		"wkx": {
			"version": "0.5.0",
			"resolved": "https://registry.npmjs.org/wkx/-/wkx-0.5.0.tgz",
			"integrity": "sha512-Xng/d4Ichh8uN4l0FToV/258EjMGU9MGcA0HV2d9B/ZpZB3lqQm7nkOdZdm5GhKtLLhAE7PiVQwN4eN+2YJJUg==",
			"requires": {
				"@types/node": "*"
			}
		},
		"xtend": {
			"version": "4.0.2",
			"resolved": "https://registry.npmjs.org/xtend/-/xtend-4.0.2.tgz",
			"integrity": "sha512-LKYU1iAXJXUgAXn9URjiu+MWhyUXHsvfp7mcuYm9dSUKK0/CjtrUwFAxD82/mCWbtLsGjFIad0wIsod4zrTAEQ=="
		},
		"yallist": {
			"version": "4.0.0",
			"resolved": "https://registry.npmjs.org/yallist/-/yallist-4.0.0.tgz",
			"integrity": "sha512-3wdGidZyq5PB084XLES5TpOSRA3wjXAlIWMhum2kRcv/41Sn2emQ0dycQW4uZXLejwKvg6EsvbdlVL+FYEct7A=="
		}
	}
}
